// !$*UTF8*$!
{
	archiveVersion = 1;
	classes = {
	};
	objectVersion = 55;
	objects = {

/* Begin PBXBuildFile section */
		A993BF83BE2219211EA325E2 /* libPods-ModernFertilityTests.a in Frameworks */ = {isa = PBXBuildFile; fileRef = A65C6F02856DE57EAB265B6D /* libPods-ModernFertilityTests.a */; };
		C983ADAB27A49568008EAE56 /* Networking.swift in Sources */ = {isa = PBXBuildFile; fileRef = C983ADAA27A49568008EAE56 /* Networking.swift */; };
		C983ADAF27A498A4008EAE56 /* Images.swift in Sources */ = {isa = PBXBuildFile; fileRef = C983ADAE27A498A4008EAE56 /* Images.swift */; };
		C983ADB327A49CB2008EAE56 /* ImagesNetworking.swift in Sources */ = {isa = PBXBuildFile; fileRef = C983ADB227A49CB2008EAE56 /* ImagesNetworking.swift */; };
		C983ADB727A4B647008EAE56 /* ImagesTableViewCell.swift in Sources */ = {isa = PBXBuildFile; fileRef = C983ADB527A4B647008EAE56 /* ImagesTableViewCell.swift */; };
		C983ADB827A4B647008EAE56 /* ImagesTableViewCell.xib in Resources */ = {isa = PBXBuildFile; fileRef = C983ADB627A4B647008EAE56 /* ImagesTableViewCell.xib */; };
		C9B1413827A48A3500CF8C04 /* AppDelegate.swift in Sources */ = {isa = PBXBuildFile; fileRef = C9B1413727A48A3500CF8C04 /* AppDelegate.swift */; };
		C9B1413A27A48A3500CF8C04 /* SceneDelegate.swift in Sources */ = {isa = PBXBuildFile; fileRef = C9B1413927A48A3500CF8C04 /* SceneDelegate.swift */; };
		C9B1413C27A48A3500CF8C04 /* HomeScreenViewController.swift in Sources */ = {isa = PBXBuildFile; fileRef = C9B1413B27A48A3500CF8C04 /* HomeScreenViewController.swift */; };
		C9B1413F27A48A3500CF8C04 /* HomeScreen.storyboard in Resources */ = {isa = PBXBuildFile; fileRef = C9B1413D27A48A3500CF8C04 /* HomeScreen.storyboard */; };
		C9B1414227A48A3500CF8C04 /* ModernFertility.xcdatamodeld in Sources */ = {isa = PBXBuildFile; fileRef = C9B1414027A48A3500CF8C04 /* ModernFertility.xcdatamodeld */; };
		C9B1414427A48A3900CF8C04 /* Assets.xcassets in Resources */ = {isa = PBXBuildFile; fileRef = C9B1414327A48A3900CF8C04 /* Assets.xcassets */; };
		C9B1414727A48A3900CF8C04 /* LaunchScreen.storyboard in Resources */ = {isa = PBXBuildFile; fileRef = C9B1414527A48A3900CF8C04 /* LaunchScreen.storyboard */; };
		C9B1415227A48A3900CF8C04 /* ModernFertilityTests.swift in Sources */ = {isa = PBXBuildFile; fileRef = C9B1415127A48A3900CF8C04 /* ModernFertilityTests.swift */; };
		C9B1415C27A48A3900CF8C04 /* ModernFertilityUITests.swift in Sources */ = {isa = PBXBuildFile; fileRef = C9B1415B27A48A3900CF8C04 /* ModernFertilityUITests.swift */; };
		C9B1415E27A48A3900CF8C04 /* ModernFertilityUITestsLaunchTests.swift in Sources */ = {isa = PBXBuildFile; fileRef = C9B1415D27A48A3900CF8C04 /* ModernFertilityUITestsLaunchTests.swift */; };
		E33C3873AD058473948585E0 /* Pods_ModernFertility.framework in Frameworks */ = {isa = PBXBuildFile; fileRef = B23015F4C92E3F594DADB22E /* Pods_ModernFertility.framework */; };
		E42B2ADD9CB3362FE1278609 /* libPods-ModernFertilityUITests.a in Frameworks */ = {isa = PBXBuildFile; fileRef = 3FAB9A4E457FE1C83F0D269A /* libPods-ModernFertilityUITests.a */; };
/* End PBXBuildFile section */

/* Begin PBXContainerItemProxy section */
		C9B1414E27A48A3900CF8C04 /* PBXContainerItemProxy */ = {
			isa = PBXContainerItemProxy;
			containerPortal = C9B1412C27A48A3500CF8C04 /* Project object */;
			proxyType = 1;
			remoteGlobalIDString = C9B1413327A48A3500CF8C04;
			remoteInfo = ModernFertility;
		};
		C9B1415827A48A3900CF8C04 /* PBXContainerItemProxy */ = {
			isa = PBXContainerItemProxy;
			containerPortal = C9B1412C27A48A3500CF8C04 /* Project object */;
			proxyType = 1;
			remoteGlobalIDString = C9B1413327A48A3500CF8C04;
			remoteInfo = ModernFertility;
		};
/* End PBXContainerItemProxy section */

/* Begin PBXFileReference section */
		1D8461CBFD74EE6182CFE500 /* Pods-ModernFertilityTests.debug.xcconfig */ = {isa = PBXFileReference; includeInIndex = 1; lastKnownFileType = text.xcconfig; name = "Pods-ModernFertilityTests.debug.xcconfig"; path = "Target Support Files/Pods-ModernFertilityTests/Pods-ModernFertilityTests.debug.xcconfig"; sourceTree = "<group>"; };
		3FAB9A4E457FE1C83F0D269A /* libPods-ModernFertilityUITests.a */ = {isa = PBXFileReference; explicitFileType = archive.ar; includeInIndex = 0; path = "libPods-ModernFertilityUITests.a"; sourceTree = BUILT_PRODUCTS_DIR; };
		631F4E966E139F67CB6B36B0 /* Pods-ModernFertilityUITests.release.xcconfig */ = {isa = PBXFileReference; includeInIndex = 1; lastKnownFileType = text.xcconfig; name = "Pods-ModernFertilityUITests.release.xcconfig"; path = "Target Support Files/Pods-ModernFertilityUITests/Pods-ModernFertilityUITests.release.xcconfig"; sourceTree = "<group>"; };
		8747079D85209FB28A768C2D /* Pods-ModernFertility.release.xcconfig */ = {isa = PBXFileReference; includeInIndex = 1; lastKnownFileType = text.xcconfig; name = "Pods-ModernFertility.release.xcconfig"; path = "Target Support Files/Pods-ModernFertility/Pods-ModernFertility.release.xcconfig"; sourceTree = "<group>"; };
		A5CAE9B4FB2F87AC8BB3AF5D /* Pods-ModernFertility.debug.xcconfig */ = {isa = PBXFileReference; includeInIndex = 1; lastKnownFileType = text.xcconfig; name = "Pods-ModernFertility.debug.xcconfig"; path = "Target Support Files/Pods-ModernFertility/Pods-ModernFertility.debug.xcconfig"; sourceTree = "<group>"; };
		A65C6F02856DE57EAB265B6D /* libPods-ModernFertilityTests.a */ = {isa = PBXFileReference; explicitFileType = archive.ar; includeInIndex = 0; path = "libPods-ModernFertilityTests.a"; sourceTree = BUILT_PRODUCTS_DIR; };
		B23015F4C92E3F594DADB22E /* Pods_ModernFertility.framework */ = {isa = PBXFileReference; explicitFileType = wrapper.framework; includeInIndex = 0; path = Pods_ModernFertility.framework; sourceTree = BUILT_PRODUCTS_DIR; };
		B59DE8AD02AA8F88E6C78552 /* Pods-ModernFertilityTests.release.xcconfig */ = {isa = PBXFileReference; includeInIndex = 1; lastKnownFileType = text.xcconfig; name = "Pods-ModernFertilityTests.release.xcconfig"; path = "Target Support Files/Pods-ModernFertilityTests/Pods-ModernFertilityTests.release.xcconfig"; sourceTree = "<group>"; };
		C983ADAA27A49568008EAE56 /* Networking.swift */ = {isa = PBXFileReference; lastKnownFileType = sourcecode.swift; path = Networking.swift; sourceTree = "<group>"; };
		C983ADAE27A498A4008EAE56 /* Images.swift */ = {isa = PBXFileReference; lastKnownFileType = sourcecode.swift; path = Images.swift; sourceTree = "<group>"; };
		C983ADB227A49CB2008EAE56 /* ImagesNetworking.swift */ = {isa = PBXFileReference; lastKnownFileType = sourcecode.swift; path = ImagesNetworking.swift; sourceTree = "<group>"; };
		C983ADB527A4B647008EAE56 /* ImagesTableViewCell.swift */ = {isa = PBXFileReference; lastKnownFileType = sourcecode.swift; path = ImagesTableViewCell.swift; sourceTree = "<group>"; };
		C983ADB627A4B647008EAE56 /* ImagesTableViewCell.xib */ = {isa = PBXFileReference; lastKnownFileType = file.xib; path = ImagesTableViewCell.xib; sourceTree = "<group>"; };
		C9B1413427A48A3500CF8C04 /* ModernFertility.app */ = {isa = PBXFileReference; explicitFileType = wrapper.application; includeInIndex = 0; path = ModernFertility.app; sourceTree = BUILT_PRODUCTS_DIR; };
		C9B1413727A48A3500CF8C04 /* AppDelegate.swift */ = {isa = PBXFileReference; lastKnownFileType = sourcecode.swift; path = AppDelegate.swift; sourceTree = "<group>"; };
		C9B1413927A48A3500CF8C04 /* SceneDelegate.swift */ = {isa = PBXFileReference; lastKnownFileType = sourcecode.swift; path = SceneDelegate.swift; sourceTree = "<group>"; };
		C9B1413B27A48A3500CF8C04 /* HomeScreenViewController.swift */ = {isa = PBXFileReference; lastKnownFileType = sourcecode.swift; path = HomeScreenViewController.swift; sourceTree = "<group>"; };
		C9B1413E27A48A3500CF8C04 /* Base */ = {isa = PBXFileReference; lastKnownFileType = file.storyboard; name = Base; path = Base.lproj/HomeScreen.storyboard; sourceTree = "<group>"; };
		C9B1414127A48A3500CF8C04 /* ModernFertility.xcdatamodel */ = {isa = PBXFileReference; lastKnownFileType = wrapper.xcdatamodel; path = ModernFertility.xcdatamodel; sourceTree = "<group>"; };
		C9B1414327A48A3900CF8C04 /* Assets.xcassets */ = {isa = PBXFileReference; lastKnownFileType = folder.assetcatalog; path = Assets.xcassets; sourceTree = "<group>"; };
		C9B1414627A48A3900CF8C04 /* Base */ = {isa = PBXFileReference; lastKnownFileType = file.storyboard; name = Base; path = Base.lproj/LaunchScreen.storyboard; sourceTree = "<group>"; };
		C9B1414827A48A3900CF8C04 /* Info.plist */ = {isa = PBXFileReference; lastKnownFileType = text.plist.xml; path = Info.plist; sourceTree = "<group>"; };
		C9B1414D27A48A3900CF8C04 /* ModernFertilityTests.xctest */ = {isa = PBXFileReference; explicitFileType = wrapper.cfbundle; includeInIndex = 0; path = ModernFertilityTests.xctest; sourceTree = BUILT_PRODUCTS_DIR; };
		C9B1415127A48A3900CF8C04 /* ModernFertilityTests.swift */ = {isa = PBXFileReference; lastKnownFileType = sourcecode.swift; path = ModernFertilityTests.swift; sourceTree = "<group>"; };
		C9B1415727A48A3900CF8C04 /* ModernFertilityUITests.xctest */ = {isa = PBXFileReference; explicitFileType = wrapper.cfbundle; includeInIndex = 0; path = ModernFertilityUITests.xctest; sourceTree = BUILT_PRODUCTS_DIR; };
		C9B1415B27A48A3900CF8C04 /* ModernFertilityUITests.swift */ = {isa = PBXFileReference; lastKnownFileType = sourcecode.swift; path = ModernFertilityUITests.swift; sourceTree = "<group>"; };
		C9B1415D27A48A3900CF8C04 /* ModernFertilityUITestsLaunchTests.swift */ = {isa = PBXFileReference; lastKnownFileType = sourcecode.swift; path = ModernFertilityUITestsLaunchTests.swift; sourceTree = "<group>"; };
		CBA0E1CF937344818157B293 /* Pods-ModernFertilityUITests.debug.xcconfig */ = {isa = PBXFileReference; includeInIndex = 1; lastKnownFileType = text.xcconfig; name = "Pods-ModernFertilityUITests.debug.xcconfig"; path = "Target Support Files/Pods-ModernFertilityUITests/Pods-ModernFertilityUITests.debug.xcconfig"; sourceTree = "<group>"; };
/* End PBXFileReference section */

/* Begin PBXFrameworksBuildPhase section */
		C9B1413127A48A3500CF8C04 /* Frameworks */ = {
			isa = PBXFrameworksBuildPhase;
			buildActionMask = 2147483647;
			files = (
				E33C3873AD058473948585E0 /* Pods_ModernFertility.framework in Frameworks */,
			);
			runOnlyForDeploymentPostprocessing = 0;
		};
		C9B1414A27A48A3900CF8C04 /* Frameworks */ = {
			isa = PBXFrameworksBuildPhase;
			buildActionMask = 2147483647;
			files = (
				A993BF83BE2219211EA325E2 /* libPods-ModernFertilityTests.a in Frameworks */,
			);
			runOnlyForDeploymentPostprocessing = 0;
		};
		C9B1415427A48A3900CF8C04 /* Frameworks */ = {
			isa = PBXFrameworksBuildPhase;
			buildActionMask = 2147483647;
			files = (
				E42B2ADD9CB3362FE1278609 /* libPods-ModernFertilityUITests.a in Frameworks */,
			);
			runOnlyForDeploymentPostprocessing = 0;
		};
/* End PBXFrameworksBuildPhase section */

/* Begin PBXGroup section */
		10004B9AF8456DDED8F8AD12 /* Pods */ = {
			isa = PBXGroup;
			children = (
				A5CAE9B4FB2F87AC8BB3AF5D /* Pods-ModernFertility.debug.xcconfig */,
				8747079D85209FB28A768C2D /* Pods-ModernFertility.release.xcconfig */,
				1D8461CBFD74EE6182CFE500 /* Pods-ModernFertilityTests.debug.xcconfig */,
				B59DE8AD02AA8F88E6C78552 /* Pods-ModernFertilityTests.release.xcconfig */,
				CBA0E1CF937344818157B293 /* Pods-ModernFertilityUITests.debug.xcconfig */,
				631F4E966E139F67CB6B36B0 /* Pods-ModernFertilityUITests.release.xcconfig */,
			);
			path = Pods;
			sourceTree = "<group>";
		};
		A51253E6FA84F78B753FA54C /* Frameworks */ = {
			isa = PBXGroup;
			children = (
				B23015F4C92E3F594DADB22E /* Pods_ModernFertility.framework */,
				A65C6F02856DE57EAB265B6D /* libPods-ModernFertilityTests.a */,
				3FAB9A4E457FE1C83F0D269A /* libPods-ModernFertilityUITests.a */,
			);
			name = Frameworks;
			sourceTree = "<group>";
		};
		C983ADAC27A495D4008EAE56 /* Routers */ = {
			isa = PBXGroup;
			children = (
				C983ADB227A49CB2008EAE56 /* ImagesNetworking.swift */,
			);
			path = Routers;
			sourceTree = "<group>";
		};
		C983ADAD27A497C6008EAE56 /* Models */ = {
			isa = PBXGroup;
			children = (
				C983ADAE27A498A4008EAE56 /* Images.swift */,
			);
			path = Models;
			sourceTree = "<group>";
		};
		C983ADB027A49BCE008EAE56 /* Home Screen */ = {
			isa = PBXGroup;
			children = (
				C9B1413D27A48A3500CF8C04 /* HomeScreen.storyboard */,
				C9B1413B27A48A3500CF8C04 /* HomeScreenViewController.swift */,
				C983ADB427A4B5ED008EAE56 /* Cell */,
			);
			path = "Home Screen";
			sourceTree = "<group>";
		};
		C983ADB127A49C18008EAE56 /* Image Detail Screen */ = {
			isa = PBXGroup;
			children = (
			);
			path = "Image Detail Screen";
			sourceTree = "<group>";
		};
		C983ADB427A4B5ED008EAE56 /* Cell */ = {
			isa = PBXGroup;
			children = (
				C983ADB627A4B647008EAE56 /* ImagesTableViewCell.xib */,
				C983ADB527A4B647008EAE56 /* ImagesTableViewCell.swift */,
			);
			path = Cell;
			sourceTree = "<group>";
		};
		C9B1412B27A48A3500CF8C04 = {
			isa = PBXGroup;
			children = (
				C9B1413627A48A3500CF8C04 /* ModernFertility */,
				C9B1415027A48A3900CF8C04 /* ModernFertilityTests */,
				C9B1415A27A48A3900CF8C04 /* ModernFertilityUITests */,
				C9B1413527A48A3500CF8C04 /* Products */,
				10004B9AF8456DDED8F8AD12 /* Pods */,
				A51253E6FA84F78B753FA54C /* Frameworks */,
			);
			sourceTree = "<group>";
		};
		C9B1413527A48A3500CF8C04 /* Products */ = {
			isa = PBXGroup;
			children = (
				C9B1413427A48A3500CF8C04 /* ModernFertility.app */,
				C9B1414D27A48A3900CF8C04 /* ModernFertilityTests.xctest */,
				C9B1415727A48A3900CF8C04 /* ModernFertilityUITests.xctest */,
			);
			name = Products;
			sourceTree = "<group>";
		};
		C9B1413627A48A3500CF8C04 /* ModernFertility */ = {
			isa = PBXGroup;
			children = (
				C9B1416A27A48ABF00CF8C04 /* Application Delegate */,
				C983ADB027A49BCE008EAE56 /* Home Screen */,
				C983ADB127A49C18008EAE56 /* Image Detail Screen */,
				C9B1416D27A48B4600CF8C04 /* Networking */,
				C9B1416C27A48B2000CF8C04 /* Storyboards */,
				C9B1414327A48A3900CF8C04 /* Assets.xcassets */,
				C9B1414827A48A3900CF8C04 /* Info.plist */,
				C9B1414027A48A3500CF8C04 /* ModernFertility.xcdatamodeld */,
			);
			path = ModernFertility;
			sourceTree = "<group>";
		};
		C9B1415027A48A3900CF8C04 /* ModernFertilityTests */ = {
			isa = PBXGroup;
			children = (
				C9B1415127A48A3900CF8C04 /* ModernFertilityTests.swift */,
			);
			path = ModernFertilityTests;
			sourceTree = "<group>";
		};
		C9B1415A27A48A3900CF8C04 /* ModernFertilityUITests */ = {
			isa = PBXGroup;
			children = (
				C9B1415B27A48A3900CF8C04 /* ModernFertilityUITests.swift */,
				C9B1415D27A48A3900CF8C04 /* ModernFertilityUITestsLaunchTests.swift */,
			);
			path = ModernFertilityUITests;
			sourceTree = "<group>";
		};
		C9B1416A27A48ABF00CF8C04 /* Application Delegate */ = {
			isa = PBXGroup;
			children = (
				C9B1413727A48A3500CF8C04 /* AppDelegate.swift */,
				C9B1413927A48A3500CF8C04 /* SceneDelegate.swift */,
			);
			path = "Application Delegate";
			sourceTree = "<group>";
		};
		C9B1416C27A48B2000CF8C04 /* Storyboards */ = {
			isa = PBXGroup;
			children = (
				C9B1414527A48A3900CF8C04 /* LaunchScreen.storyboard */,
			);
			path = Storyboards;
			sourceTree = "<group>";
		};
		C9B1416D27A48B4600CF8C04 /* Networking */ = {
			isa = PBXGroup;
			children = (
				C983ADAA27A49568008EAE56 /* Networking.swift */,
				C983ADAD27A497C6008EAE56 /* Models */,
				C983ADAC27A495D4008EAE56 /* Routers */,
			);
			path = Networking;
			sourceTree = "<group>";
		};
/* End PBXGroup section */

/* Begin PBXNativeTarget section */
		C9B1413327A48A3500CF8C04 /* ModernFertility */ = {
			isa = PBXNativeTarget;
			buildConfigurationList = C9B1416127A48A3900CF8C04 /* Build configuration list for PBXNativeTarget "ModernFertility" */;
			buildPhases = (
				631000F03670E12EFD0D7E91 /* [CP] Check Pods Manifest.lock */,
				C9B1413027A48A3500CF8C04 /* Sources */,
				C9B1413127A48A3500CF8C04 /* Frameworks */,
				C9B1413227A48A3500CF8C04 /* Resources */,
				B84A0FFF19B6448303DD2C35 /* [CP] Embed Pods Frameworks */,
			);
			buildRules = (
			);
			dependencies = (
			);
			name = ModernFertility;
			productName = ModernFertility;
			productReference = C9B1413427A48A3500CF8C04 /* ModernFertility.app */;
			productType = "com.apple.product-type.application";
		};
		C9B1414C27A48A3900CF8C04 /* ModernFertilityTests */ = {
			isa = PBXNativeTarget;
			buildConfigurationList = C9B1416427A48A3900CF8C04 /* Build configuration list for PBXNativeTarget "ModernFertilityTests" */;
			buildPhases = (
				4F301F2DA2F6FE07A9A9FBC4 /* [CP] Check Pods Manifest.lock */,
				C9B1414927A48A3900CF8C04 /* Sources */,
				C9B1414A27A48A3900CF8C04 /* Frameworks */,
				C9B1414B27A48A3900CF8C04 /* Resources */,
			);
			buildRules = (
			);
			dependencies = (
				C9B1414F27A48A3900CF8C04 /* PBXTargetDependency */,
			);
			name = ModernFertilityTests;
			productName = ModernFertilityTests;
			productReference = C9B1414D27A48A3900CF8C04 /* ModernFertilityTests.xctest */;
			productType = "com.apple.product-type.bundle.unit-test";
		};
		C9B1415627A48A3900CF8C04 /* ModernFertilityUITests */ = {
			isa = PBXNativeTarget;
			buildConfigurationList = C9B1416727A48A3900CF8C04 /* Build configuration list for PBXNativeTarget "ModernFertilityUITests" */;
			buildPhases = (
				59CB68B214C5A55B634CE373 /* [CP] Check Pods Manifest.lock */,
				C9B1415327A48A3900CF8C04 /* Sources */,
				C9B1415427A48A3900CF8C04 /* Frameworks */,
				C9B1415527A48A3900CF8C04 /* Resources */,
			);
			buildRules = (
			);
			dependencies = (
				C9B1415927A48A3900CF8C04 /* PBXTargetDependency */,
			);
			name = ModernFertilityUITests;
			productName = ModernFertilityUITests;
			productReference = C9B1415727A48A3900CF8C04 /* ModernFertilityUITests.xctest */;
			productType = "com.apple.product-type.bundle.ui-testing";
		};
/* End PBXNativeTarget section */

/* Begin PBXProject section */
		C9B1412C27A48A3500CF8C04 /* Project object */ = {
			isa = PBXProject;
			attributes = {
				BuildIndependentTargetsInParallel = 1;
				LastSwiftUpdateCheck = 1310;
				LastUpgradeCheck = 1310;
				TargetAttributes = {
					C9B1413327A48A3500CF8C04 = {
						CreatedOnToolsVersion = 13.1;
					};
					C9B1414C27A48A3900CF8C04 = {
						CreatedOnToolsVersion = 13.1;
						TestTargetID = C9B1413327A48A3500CF8C04;
					};
					C9B1415627A48A3900CF8C04 = {
						CreatedOnToolsVersion = 13.1;
						TestTargetID = C9B1413327A48A3500CF8C04;
					};
				};
			};
			buildConfigurationList = C9B1412F27A48A3500CF8C04 /* Build configuration list for PBXProject "ModernFertility" */;
			compatibilityVersion = "Xcode 13.0";
			developmentRegion = en;
			hasScannedForEncodings = 0;
			knownRegions = (
				en,
				Base,
			);
			mainGroup = C9B1412B27A48A3500CF8C04;
			productRefGroup = C9B1413527A48A3500CF8C04 /* Products */;
			projectDirPath = "";
			projectRoot = "";
			targets = (
				C9B1413327A48A3500CF8C04 /* ModernFertility */,
				C9B1414C27A48A3900CF8C04 /* ModernFertilityTests */,
				C9B1415627A48A3900CF8C04 /* ModernFertilityUITests */,
			);
		};
/* End PBXProject section */

/* Begin PBXResourcesBuildPhase section */
		C9B1413227A48A3500CF8C04 /* Resources */ = {
			isa = PBXResourcesBuildPhase;
			buildActionMask = 2147483647;
			files = (
				C9B1414727A48A3900CF8C04 /* LaunchScreen.storyboard in Resources */,
				C983ADB827A4B647008EAE56 /* ImagesTableViewCell.xib in Resources */,
				C9B1414427A48A3900CF8C04 /* Assets.xcassets in Resources */,
				C9B1413F27A48A3500CF8C04 /* HomeScreen.storyboard in Resources */,
			);
			runOnlyForDeploymentPostprocessing = 0;
		};
		C9B1414B27A48A3900CF8C04 /* Resources */ = {
			isa = PBXResourcesBuildPhase;
			buildActionMask = 2147483647;
			files = (
			);
			runOnlyForDeploymentPostprocessing = 0;
		};
		C9B1415527A48A3900CF8C04 /* Resources */ = {
			isa = PBXResourcesBuildPhase;
			buildActionMask = 2147483647;
			files = (
			);
			runOnlyForDeploymentPostprocessing = 0;
		};
/* End PBXResourcesBuildPhase section */

/* Begin PBXShellScriptBuildPhase section */
		4F301F2DA2F6FE07A9A9FBC4 /* [CP] Check Pods Manifest.lock */ = {
			isa = PBXShellScriptBuildPhase;
			buildActionMask = 2147483647;
			files = (
			);
			inputFileListPaths = (
			);
			inputPaths = (
				"${PODS_PODFILE_DIR_PATH}/Podfile.lock",
				"${PODS_ROOT}/Manifest.lock",
			);
			name = "[CP] Check Pods Manifest.lock";
			outputFileListPaths = (
			);
			outputPaths = (
				"$(DERIVED_FILE_DIR)/Pods-ModernFertilityTests-checkManifestLockResult.txt",
			);
			runOnlyForDeploymentPostprocessing = 0;
			shellPath = /bin/sh;
			shellScript = "diff \"${PODS_PODFILE_DIR_PATH}/Podfile.lock\" \"${PODS_ROOT}/Manifest.lock\" > /dev/null\nif [ $? != 0 ] ; then\n    # print error to STDERR\n    echo \"error: The sandbox is not in sync with the Podfile.lock. Run 'pod install' or update your CocoaPods installation.\" >&2\n    exit 1\nfi\n# This output is used by Xcode 'outputs' to avoid re-running this script phase.\necho \"SUCCESS\" > \"${SCRIPT_OUTPUT_FILE_0}\"\n";
			showEnvVarsInLog = 0;
		};
		59CB68B214C5A55B634CE373 /* [CP] Check Pods Manifest.lock */ = {
			isa = PBXShellScriptBuildPhase;
			buildActionMask = 2147483647;
			files = (
			);
			inputFileListPaths = (
			);
			inputPaths = (
				"${PODS_PODFILE_DIR_PATH}/Podfile.lock",
				"${PODS_ROOT}/Manifest.lock",
			);
			name = "[CP] Check Pods Manifest.lock";
			outputFileListPaths = (
			);
			outputPaths = (
				"$(DERIVED_FILE_DIR)/Pods-ModernFertilityUITests-checkManifestLockResult.txt",
			);
			runOnlyForDeploymentPostprocessing = 0;
			shellPath = /bin/sh;
			shellScript = "diff \"${PODS_PODFILE_DIR_PATH}/Podfile.lock\" \"${PODS_ROOT}/Manifest.lock\" > /dev/null\nif [ $? != 0 ] ; then\n    # print error to STDERR\n    echo \"error: The sandbox is not in sync with the Podfile.lock. Run 'pod install' or update your CocoaPods installation.\" >&2\n    exit 1\nfi\n# This output is used by Xcode 'outputs' to avoid re-running this script phase.\necho \"SUCCESS\" > \"${SCRIPT_OUTPUT_FILE_0}\"\n";
			showEnvVarsInLog = 0;
		};
		631000F03670E12EFD0D7E91 /* [CP] Check Pods Manifest.lock */ = {
			isa = PBXShellScriptBuildPhase;
			buildActionMask = 2147483647;
			files = (
			);
			inputFileListPaths = (
			);
			inputPaths = (
				"${PODS_PODFILE_DIR_PATH}/Podfile.lock",
				"${PODS_ROOT}/Manifest.lock",
			);
			name = "[CP] Check Pods Manifest.lock";
			outputFileListPaths = (
			);
			outputPaths = (
				"$(DERIVED_FILE_DIR)/Pods-ModernFertility-checkManifestLockResult.txt",
			);
			runOnlyForDeploymentPostprocessing = 0;
			shellPath = /bin/sh;
			shellScript = "diff \"${PODS_PODFILE_DIR_PATH}/Podfile.lock\" \"${PODS_ROOT}/Manifest.lock\" > /dev/null\nif [ $? != 0 ] ; then\n    # print error to STDERR\n    echo \"error: The sandbox is not in sync with the Podfile.lock. Run 'pod install' or update your CocoaPods installation.\" >&2\n    exit 1\nfi\n# This output is used by Xcode 'outputs' to avoid re-running this script phase.\necho \"SUCCESS\" > \"${SCRIPT_OUTPUT_FILE_0}\"\n";
			showEnvVarsInLog = 0;
		};
		B84A0FFF19B6448303DD2C35 /* [CP] Embed Pods Frameworks */ = {
			isa = PBXShellScriptBuildPhase;
			buildActionMask = 2147483647;
			files = (
			);
			inputFileListPaths = (
				"${PODS_ROOT}/Target Support Files/Pods-ModernFertility/Pods-ModernFertility-frameworks-${CONFIGURATION}-input-files.xcfilelist",
			);
			name = "[CP] Embed Pods Frameworks";
			outputFileListPaths = (
				"${PODS_ROOT}/Target Support Files/Pods-ModernFertility/Pods-ModernFertility-frameworks-${CONFIGURATION}-output-files.xcfilelist",
			);
			runOnlyForDeploymentPostprocessing = 0;
			shellPath = /bin/sh;
			shellScript = "\"${PODS_ROOT}/Target Support Files/Pods-ModernFertility/Pods-ModernFertility-frameworks.sh\"\n";
			showEnvVarsInLog = 0;
		};
/* End PBXShellScriptBuildPhase section */

/* Begin PBXSourcesBuildPhase section */
		C9B1413027A48A3500CF8C04 /* Sources */ = {
			isa = PBXSourcesBuildPhase;
			buildActionMask = 2147483647;
			files = (
				C9B1413C27A48A3500CF8C04 /* HomeScreenViewController.swift in Sources */,
				C983ADAF27A498A4008EAE56 /* Images.swift in Sources */,
				C983ADAB27A49568008EAE56 /* Networking.swift in Sources */,
				C9B1414227A48A3500CF8C04 /* ModernFertility.xcdatamodeld in Sources */,
				C9B1413827A48A3500CF8C04 /* AppDelegate.swift in Sources */,
				C983ADB727A4B647008EAE56 /* ImagesTableViewCell.swift in Sources */,
				C983ADB327A49CB2008EAE56 /* ImagesNetworking.swift in Sources */,
				C9B1413A27A48A3500CF8C04 /* SceneDelegate.swift in Sources */,
			);
			runOnlyForDeploymentPostprocessing = 0;
		};
		C9B1414927A48A3900CF8C04 /* Sources */ = {
			isa = PBXSourcesBuildPhase;
			buildActionMask = 2147483647;
			files = (
				C9B1415227A48A3900CF8C04 /* ModernFertilityTests.swift in Sources */,
			);
			runOnlyForDeploymentPostprocessing = 0;
		};
		C9B1415327A48A3900CF8C04 /* Sources */ = {
			isa = PBXSourcesBuildPhase;
			buildActionMask = 2147483647;
			files = (
				C9B1415E27A48A3900CF8C04 /* ModernFertilityUITestsLaunchTests.swift in Sources */,
				C9B1415C27A48A3900CF8C04 /* ModernFertilityUITests.swift in Sources */,
			);
			runOnlyForDeploymentPostprocessing = 0;
		};
/* End PBXSourcesBuildPhase section */

/* Begin PBXTargetDependency section */
		C9B1414F27A48A3900CF8C04 /* PBXTargetDependency */ = {
			isa = PBXTargetDependency;
			target = C9B1413327A48A3500CF8C04 /* ModernFertility */;
			targetProxy = C9B1414E27A48A3900CF8C04 /* PBXContainerItemProxy */;
		};
		C9B1415927A48A3900CF8C04 /* PBXTargetDependency */ = {
			isa = PBXTargetDependency;
			target = C9B1413327A48A3500CF8C04 /* ModernFertility */;
			targetProxy = C9B1415827A48A3900CF8C04 /* PBXContainerItemProxy */;
		};
/* End PBXTargetDependency section */

/* Begin PBXVariantGroup section */
		C9B1413D27A48A3500CF8C04 /* HomeScreen.storyboard */ = {
			isa = PBXVariantGroup;
			children = (
				C9B1413E27A48A3500CF8C04 /* Base */,
			);
			name = HomeScreen.storyboard;
			sourceTree = "<group>";
		};
		C9B1414527A48A3900CF8C04 /* LaunchScreen.storyboard */ = {
			isa = PBXVariantGroup;
			children = (
				C9B1414627A48A3900CF8C04 /* Base */,
			);
			name = LaunchScreen.storyboard;
			sourceTree = "<group>";
		};
/* End PBXVariantGroup section */

/* Begin XCBuildConfiguration section */
		C9B1415F27A48A3900CF8C04 /* Debug */ = {
			isa = XCBuildConfiguration;
			buildSettings = {
				ALWAYS_SEARCH_USER_PATHS = NO;
				CLANG_ANALYZER_NONNULL = YES;
				CLANG_ANALYZER_NUMBER_OBJECT_CONVERSION = YES_AGGRESSIVE;
				CLANG_CXX_LANGUAGE_STANDARD = "gnu++17";
				CLANG_CXX_LIBRARY = "libc++";
				CLANG_ENABLE_MODULES = YES;
				CLANG_ENABLE_OBJC_ARC = YES;
				CLANG_ENABLE_OBJC_WEAK = YES;
				CLANG_WARN_BLOCK_CAPTURE_AUTORELEASING = YES;
				CLANG_WARN_BOOL_CONVERSION = YES;
				CLANG_WARN_COMMA = YES;
				CLANG_WARN_CONSTANT_CONVERSION = YES;
				CLANG_WARN_DEPRECATED_OBJC_IMPLEMENTATIONS = YES;
				CLANG_WARN_DIRECT_OBJC_ISA_USAGE = YES_ERROR;
				CLANG_WARN_DOCUMENTATION_COMMENTS = YES;
				CLANG_WARN_EMPTY_BODY = YES;
				CLANG_WARN_ENUM_CONVERSION = YES;
				CLANG_WARN_INFINITE_RECURSION = YES;
				CLANG_WARN_INT_CONVERSION = YES;
				CLANG_WARN_NON_LITERAL_NULL_CONVERSION = YES;
				CLANG_WARN_OBJC_IMPLICIT_RETAIN_SELF = YES;
				CLANG_WARN_OBJC_LITERAL_CONVERSION = YES;
				CLANG_WARN_OBJC_ROOT_CLASS = YES_ERROR;
				CLANG_WARN_QUOTED_INCLUDE_IN_FRAMEWORK_HEADER = YES;
				CLANG_WARN_RANGE_LOOP_ANALYSIS = YES;
				CLANG_WARN_STRICT_PROTOTYPES = YES;
				CLANG_WARN_SUSPICIOUS_MOVE = YES;
				CLANG_WARN_UNGUARDED_AVAILABILITY = YES_AGGRESSIVE;
				CLANG_WARN_UNREACHABLE_CODE = YES;
				CLANG_WARN__DUPLICATE_METHOD_MATCH = YES;
				COPY_PHASE_STRIP = NO;
				DEBUG_INFORMATION_FORMAT = dwarf;
				ENABLE_STRICT_OBJC_MSGSEND = YES;
				ENABLE_TESTABILITY = YES;
				GCC_C_LANGUAGE_STANDARD = gnu11;
				GCC_DYNAMIC_NO_PIC = NO;
				GCC_NO_COMMON_BLOCKS = YES;
				GCC_OPTIMIZATION_LEVEL = 0;
				GCC_PREPROCESSOR_DEFINITIONS = (
					"DEBUG=1",
					"$(inherited)",
				);
				GCC_WARN_64_TO_32_BIT_CONVERSION = YES;
				GCC_WARN_ABOUT_RETURN_TYPE = YES_ERROR;
				GCC_WARN_UNDECLARED_SELECTOR = YES;
				GCC_WARN_UNINITIALIZED_AUTOS = YES_AGGRESSIVE;
				GCC_WARN_UNUSED_FUNCTION = YES;
				GCC_WARN_UNUSED_VARIABLE = YES;
				IPHONEOS_DEPLOYMENT_TARGET = 13.0;
				MTL_ENABLE_DEBUG_INFO = INCLUDE_SOURCE;
				MTL_FAST_MATH = YES;
				ONLY_ACTIVE_ARCH = YES;
				SDKROOT = iphoneos;
				SWIFT_ACTIVE_COMPILATION_CONDITIONS = DEBUG;
				SWIFT_OPTIMIZATION_LEVEL = "-Onone";
			};
			name = Debug;
		};
		C9B1416027A48A3900CF8C04 /* Release */ = {
			isa = XCBuildConfiguration;
			buildSettings = {
				ALWAYS_SEARCH_USER_PATHS = NO;
				CLANG_ANALYZER_NONNULL = YES;
				CLANG_ANALYZER_NUMBER_OBJECT_CONVERSION = YES_AGGRESSIVE;
				CLANG_CXX_LANGUAGE_STANDARD = "gnu++17";
				CLANG_CXX_LIBRARY = "libc++";
				CLANG_ENABLE_MODULES = YES;
				CLANG_ENABLE_OBJC_ARC = YES;
				CLANG_ENABLE_OBJC_WEAK = YES;
				CLANG_WARN_BLOCK_CAPTURE_AUTORELEASING = YES;
				CLANG_WARN_BOOL_CONVERSION = YES;
				CLANG_WARN_COMMA = YES;
				CLANG_WARN_CONSTANT_CONVERSION = YES;
				CLANG_WARN_DEPRECATED_OBJC_IMPLEMENTATIONS = YES;
				CLANG_WARN_DIRECT_OBJC_ISA_USAGE = YES_ERROR;
				CLANG_WARN_DOCUMENTATION_COMMENTS = YES;
				CLANG_WARN_EMPTY_BODY = YES;
				CLANG_WARN_ENUM_CONVERSION = YES;
				CLANG_WARN_INFINITE_RECURSION = YES;
				CLANG_WARN_INT_CONVERSION = YES;
				CLANG_WARN_NON_LITERAL_NULL_CONVERSION = YES;
				CLANG_WARN_OBJC_IMPLICIT_RETAIN_SELF = YES;
				CLANG_WARN_OBJC_LITERAL_CONVERSION = YES;
				CLANG_WARN_OBJC_ROOT_CLASS = YES_ERROR;
				CLANG_WARN_QUOTED_INCLUDE_IN_FRAMEWORK_HEADER = YES;
				CLANG_WARN_RANGE_LOOP_ANALYSIS = YES;
				CLANG_WARN_STRICT_PROTOTYPES = YES;
				CLANG_WARN_SUSPICIOUS_MOVE = YES;
				CLANG_WARN_UNGUARDED_AVAILABILITY = YES_AGGRESSIVE;
				CLANG_WARN_UNREACHABLE_CODE = YES;
				CLANG_WARN__DUPLICATE_METHOD_MATCH = YES;
				COPY_PHASE_STRIP = NO;
				DEBUG_INFORMATION_FORMAT = "dwarf-with-dsym";
				ENABLE_NS_ASSERTIONS = NO;
				ENABLE_STRICT_OBJC_MSGSEND = YES;
				GCC_C_LANGUAGE_STANDARD = gnu11;
				GCC_NO_COMMON_BLOCKS = YES;
				GCC_WARN_64_TO_32_BIT_CONVERSION = YES;
				GCC_WARN_ABOUT_RETURN_TYPE = YES_ERROR;
				GCC_WARN_UNDECLARED_SELECTOR = YES;
				GCC_WARN_UNINITIALIZED_AUTOS = YES_AGGRESSIVE;
				GCC_WARN_UNUSED_FUNCTION = YES;
				GCC_WARN_UNUSED_VARIABLE = YES;
				IPHONEOS_DEPLOYMENT_TARGET = 13.0;
				MTL_ENABLE_DEBUG_INFO = NO;
				MTL_FAST_MATH = YES;
				SDKROOT = iphoneos;
				SWIFT_COMPILATION_MODE = wholemodule;
				SWIFT_OPTIMIZATION_LEVEL = "-O";
				VALIDATE_PRODUCT = YES;
			};
			name = Release;
		};
		C9B1416227A48A3900CF8C04 /* Debug */ = {
			isa = XCBuildConfiguration;
			baseConfigurationReference = A5CAE9B4FB2F87AC8BB3AF5D /* Pods-ModernFertility.debug.xcconfig */;
			buildSettings = {
				ASSETCATALOG_COMPILER_APPICON_NAME = AppIcon;
				ASSETCATALOG_COMPILER_GLOBAL_ACCENT_COLOR_NAME = AccentColor;
				CODE_SIGN_STYLE = Automatic;
				CURRENT_PROJECT_VERSION = 1;
				DEVELOPMENT_TEAM = 2JS2FND328;
				GENERATE_INFOPLIST_FILE = YES;
				INFOPLIST_FILE = ModernFertility/Info.plist;
				INFOPLIST_KEY_UIApplicationSupportsIndirectInputEvents = YES;
				INFOPLIST_KEY_UILaunchStoryboardName = LaunchScreen;
				INFOPLIST_KEY_UIMainStoryboardFile = HomeScreen;
				INFOPLIST_KEY_UISupportedInterfaceOrientations = UIInterfaceOrientationPortrait;
				INFOPLIST_KEY_UISupportedInterfaceOrientations_iPad = "UIInterfaceOrientationPortrait UIInterfaceOrientationPortraitUpsideDown UIInterfaceOrientationLandscapeLeft UIInterfaceOrientationLandscapeRight";
				INFOPLIST_KEY_UISupportedInterfaceOrientations_iPhone = "UIInterfaceOrientationPortrait UIInterfaceOrientationLandscapeLeft UIInterfaceOrientationLandscapeRight";
				LD_RUNPATH_SEARCH_PATHS = (
					"$(inherited)",
					"@executable_path/Frameworks",
				);
				MARKETING_VERSION = 1.0.0;
				PRODUCT_BUNDLE_IDENTIFIER = com.modernfertility.coding.challenge;
				PRODUCT_NAME = "$(TARGET_NAME)";
				SWIFT_EMIT_LOC_STRINGS = YES;
				SWIFT_VERSION = 5.0;
				TARGETED_DEVICE_FAMILY = 1;
			};
			name = Debug;
		};
		C9B1416327A48A3900CF8C04 /* Release */ = {
			isa = XCBuildConfiguration;
			baseConfigurationReference = 8747079D85209FB28A768C2D /* Pods-ModernFertility.release.xcconfig */;
			buildSettings = {
				ASSETCATALOG_COMPILER_APPICON_NAME = AppIcon;
				ASSETCATALOG_COMPILER_GLOBAL_ACCENT_COLOR_NAME = AccentColor;
				CODE_SIGN_STYLE = Automatic;
				CURRENT_PROJECT_VERSION = 1;
				DEVELOPMENT_TEAM = 2JS2FND328;
				GENERATE_INFOPLIST_FILE = YES;
				INFOPLIST_FILE = ModernFertility/Info.plist;
				INFOPLIST_KEY_UIApplicationSupportsIndirectInputEvents = YES;
				INFOPLIST_KEY_UILaunchStoryboardName = LaunchScreen;
				INFOPLIST_KEY_UIMainStoryboardFile = HomeScreen;
				INFOPLIST_KEY_UISupportedInterfaceOrientations = UIInterfaceOrientationPortrait;
				INFOPLIST_KEY_UISupportedInterfaceOrientations_iPad = "UIInterfaceOrientationPortrait UIInterfaceOrientationPortraitUpsideDown UIInterfaceOrientationLandscapeLeft UIInterfaceOrientationLandscapeRight";
				INFOPLIST_KEY_UISupportedInterfaceOrientations_iPhone = "UIInterfaceOrientationPortrait UIInterfaceOrientationLandscapeLeft UIInterfaceOrientationLandscapeRight";
				LD_RUNPATH_SEARCH_PATHS = (
					"$(inherited)",
					"@executable_path/Frameworks",
				);
				MARKETING_VERSION = 1.0.0;
				PRODUCT_BUNDLE_IDENTIFIER = com.modernfertility.coding.challenge;
				PRODUCT_NAME = "$(TARGET_NAME)";
				SWIFT_EMIT_LOC_STRINGS = YES;
				SWIFT_VERSION = 5.0;
				TARGETED_DEVICE_FAMILY = 1;
			};
			name = Release;
		};
		C9B1416527A48A3900CF8C04 /* Debug */ = {
			isa = XCBuildConfiguration;
			baseConfigurationReference = 1D8461CBFD74EE6182CFE500 /* Pods-ModernFertilityTests.debug.xcconfig */;
			buildSettings = {
				ALWAYS_EMBED_SWIFT_STANDARD_LIBRARIES = YES;
				BUNDLE_LOADER = "$(TEST_HOST)";
				CODE_SIGN_STYLE = Automatic;
				CURRENT_PROJECT_VERSION = 1;
				DEVELOPMENT_TEAM = 2JS2FND328;
				GENERATE_INFOPLIST_FILE = YES;
				IPHONEOS_DEPLOYMENT_TARGET = 15.0;
				LD_RUNPATH_SEARCH_PATHS = (
					"$(inherited)",
					"@executable_path/Frameworks",
					"@loader_path/Frameworks",
				);
				MARKETING_VERSION = 1.0;
				PRODUCT_BUNDLE_IDENTIFIER = com.modernfertility.coding.challenge.ModernFertilityTests;
				PRODUCT_NAME = "$(TARGET_NAME)";
				SWIFT_EMIT_LOC_STRINGS = NO;
				SWIFT_VERSION = 5.0;
				TARGETED_DEVICE_FAMILY = "1,2";
				TEST_HOST = "$(BUILT_PRODUCTS_DIR)/ModernFertility.app/ModernFertility";
			};
			name = Debug;
		};
		C9B1416627A48A3900CF8C04 /* Release */ = {
			isa = XCBuildConfiguration;
			baseConfigurationReference = B59DE8AD02AA8F88E6C78552 /* Pods-ModernFertilityTests.release.xcconfig */;
			buildSettings = {
				ALWAYS_EMBED_SWIFT_STANDARD_LIBRARIES = YES;
				BUNDLE_LOADER = "$(TEST_HOST)";
				CODE_SIGN_STYLE = Automatic;
				CURRENT_PROJECT_VERSION = 1;
				DEVELOPMENT_TEAM = 2JS2FND328;
				GENERATE_INFOPLIST_FILE = YES;
				IPHONEOS_DEPLOYMENT_TARGET = 15.0;
				LD_RUNPATH_SEARCH_PATHS = (
					"$(inherited)",
					"@executable_path/Frameworks",
					"@loader_path/Frameworks",
				);
				MARKETING_VERSION = 1.0;
				PRODUCT_BUNDLE_IDENTIFIER = com.modernfertility.coding.challenge.ModernFertilityTests;
				PRODUCT_NAME = "$(TARGET_NAME)";
				SWIFT_EMIT_LOC_STRINGS = NO;
				SWIFT_VERSION = 5.0;
				TARGETED_DEVICE_FAMILY = "1,2";
				TEST_HOST = "$(BUILT_PRODUCTS_DIR)/ModernFertility.app/ModernFertility";
			};
			name = Release;
		};
		C9B1416827A48A3900CF8C04 /* Debug */ = {
			isa = XCBuildConfiguration;
			baseConfigurationReference = CBA0E1CF937344818157B293 /* Pods-ModernFertilityUITests.debug.xcconfig */;
			buildSettings = {
				ALWAYS_EMBED_SWIFT_STANDARD_LIBRARIES = YES;
				CODE_SIGN_STYLE = Automatic;
				CURRENT_PROJECT_VERSION = 1;
				DEVELOPMENT_TEAM = 2JS2FND328;
				GENERATE_INFOPLIST_FILE = YES;
				LD_RUNPATH_SEARCH_PATHS = (
					"$(inherited)",
					"@executable_path/Frameworks",
					"@loader_path/Frameworks",
				);
				MARKETING_VERSION = 1.0;
				PRODUCT_BUNDLE_IDENTIFIER = com.modernfertility.coding.challenge.ModernFertilityUITests;
				PRODUCT_NAME = "$(TARGET_NAME)";
				SWIFT_EMIT_LOC_STRINGS = NO;
				SWIFT_VERSION = 5.0;
				TARGETED_DEVICE_FAMILY = "1,2";
				TEST_TARGET_NAME = ModernFertility;
			};
			name = Debug;
		};
		C9B1416927A48A3900CF8C04 /* Release */ = {
			isa = XCBuildConfiguration;
			baseConfigurationReference = 631F4E966E139F67CB6B36B0 /* Pods-ModernFertilityUITests.release.xcconfig */;
			buildSettings = {
				ALWAYS_EMBED_SWIFT_STANDARD_LIBRARIES = YES;
				CODE_SIGN_STYLE = Automatic;
				CURRENT_PROJECT_VERSION = 1;
				DEVELOPMENT_TEAM = 2JS2FND328;
				GENERATE_INFOPLIST_FILE = YES;
				LD_RUNPATH_SEARCH_PATHS = (
					"$(inherited)",
					"@executable_path/Frameworks",
					"@loader_path/Frameworks",
				);
				MARKETING_VERSION = 1.0;
				PRODUCT_BUNDLE_IDENTIFIER = com.modernfertility.coding.challenge.ModernFertilityUITests;
				PRODUCT_NAME = "$(TARGET_NAME)";
				SWIFT_EMIT_LOC_STRINGS = NO;
				SWIFT_VERSION = 5.0;
				TARGETED_DEVICE_FAMILY = "1,2";
				TEST_TARGET_NAME = ModernFertility;
			};
			name = Release;
		};
/* End XCBuildConfiguration section */

/* Begin XCConfigurationList section */
		C9B1412F27A48A3500CF8C04 /* Build configuration list for PBXProject "ModernFertility" */ = {
			isa = XCConfigurationList;
			buildConfigurations = (
				C9B1415F27A48A3900CF8C04 /* Debug */,
				C9B1416027A48A3900CF8C04 /* Release */,
			);
			defaultConfigurationIsVisible = 0;
			defaultConfigurationName = Release;
		};
		C9B1416127A48A3900CF8C04 /* Build configuration list for PBXNativeTarget "ModernFertility" */ = {
			isa = XCConfigurationList;
			buildConfigurations = (
				C9B1416227A48A3900CF8C04 /* Debug */,
				C9B1416327A48A3900CF8C04 /* Release */,
			);
			defaultConfigurationIsVisible = 0;
			defaultConfigurationName = Release;
		};
		C9B1416427A48A3900CF8C04 /* Build configuration list for PBXNativeTarget "ModernFertilityTests" */ = {
			isa = XCConfigurationList;
			buildConfigurations = (
				C9B1416527A48A3900CF8C04 /* Debug */,
				C9B1416627A48A3900CF8C04 /* Release */,
			);
			defaultConfigurationIsVisible = 0;
			defaultConfigurationName = Release;
		};
		C9B1416727A48A3900CF8C04 /* Build configuration list for PBXNativeTarget "ModernFertilityUITests" */ = {
			isa = XCConfigurationList;
			buildConfigurations = (
				C9B1416827A48A3900CF8C04 /* Debug */,
				C9B1416927A48A3900CF8C04 /* Release */,
			);
			defaultConfigurationIsVisible = 0;
			defaultConfigurationName = Release;
		};
/* End XCConfigurationList section */

/* Begin XCVersionGroup section */
		C9B1414027A48A3500CF8C04 /* ModernFertility.xcdatamodeld */ = {
			isa = XCVersionGroup;
			children = (
				C9B1414127A48A3500CF8C04 /* ModernFertility.xcdatamodel */,
			);
			currentVersion = C9B1414127A48A3500CF8C04 /* ModernFertility.xcdatamodel */;
			path = ModernFertility.xcdatamodeld;
			sourceTree = "<group>";
			versionGroupType = wrapper.xcdatamodel;
		};
/* End XCVersionGroup section */
	};
	rootObject = C9B1412C27A48A3500CF8C04 /* Project object */;
}
